
Microsoft Visual Studio Solution File, Format Version 12.00
# Visual Studio Version 17
VisualStudioVersion = 17.10.35013.160
MinimumVisualStudioVersion = 10.0.40219.1
Project("{9A19103F-16F7-4668-BE54-9A1E7A4F7556}") = "CafeCMU.Module", "CafeCMU.Module\CafeCMU.Module.csproj", "{3B21E9E6-80FC-4956-AFFF-E8F3F67E5307}"
EndProject
Project("{9A19103F-16F7-4668-BE54-9A1E7A4F7556}") = "CafeCMU.Blazor.Server", "CafeCMU.Blazor.Server\CafeCMU.Blazor.Server.csproj", "{D8B3EE7C-4E49-407E-B00F-B2F25209148E}"
EndProject
Global
	GlobalSection(SolutionConfigurationPlatforms) = preSolution
		Debug|Any CPU = Debug|Any CPU
		EasyTest|Any CPU = EasyTest|Any CPU
		Release|Any CPU = Release|Any CPU
	EndGlobalSection
	GlobalSection(ProjectConfigurationPlatforms) = postSolution
		{3B21E9E6-80FC-4956-AFFF-E8F3F67E5307}.Debug|Any CPU.ActiveCfg = Debug|Any CPU
		{3B21E9E6-80FC-4956-AFFF-E8F3F67E5307}.Debug|Any CPU.Build.0 = Debug|Any CPU
		{3B21E9E6-80FC-4956-AFFF-E8F3F67E5307}.EasyTest|Any CPU.ActiveCfg = EasyTest|Any CPU
		{3B21E9E6-80FC-4956-AFFF-E8F3F67E5307}.EasyTest|Any CPU.Build.0 = EasyTest|Any CPU
		{3B21E9E6-80FC-4956-AFFF-E8F3F67E5307}.Release|Any CPU.ActiveCfg = Release|Any CPU
		{3B21E9E6-80FC-4956-AFFF-E8F3F67E5307}.Release|Any CPU.Build.0 = Release|Any CPU
		{D8B3EE7C-4E49-407E-B00F-B2F25209148E}.Debug|Any CPU.ActiveCfg = Debug|Any CPU
		{D8B3EE7C-4E49-407E-B00F-B2F25209148E}.Debug|Any CPU.Build.0 = Debug|Any CPU
		{D8B3EE7C-4E49-407E-B00F-B2F25209148E}.EasyTest|Any CPU.ActiveCfg = EasyTest|Any CPU
		{D8B3EE7C-4E49-407E-B00F-B2F25209148E}.EasyTest|Any CPU.Build.0 = EasyTest|Any CPU
		{D8B3EE7C-4E49-407E-B00F-B2F25209148E}.Release|Any CPU.ActiveCfg = Release|Any CPU
		{D8B3EE7C-4E49-407E-B00F-B2F25209148E}.Release|Any CPU.Build.0 = Release|Any CPU
	EndGlobalSection
	GlobalSection(SolutionProperties) = preSolution
		HideSolutionNode = FALSE
	EndGlobalSection
	GlobalSection(ExtensibilityGlobals) = postSolution
		SolutionGuid = {52D61B6A-F9BE-4F34-91F0-983D0C38CD80}
	EndGlobalSection
EndGlobal
